
Microsoft Visual Studio Solution File, Format Version 12.00
# Visual Studio 15
VisualStudioVersion = 15.0.27004.2010
MinimumVisualStudioVersion = 10.0.40219.1
Project("{FAE04EC0-301F-11D3-BF4B-00C04F79EFBC}") = "EventsAndReflection", "EventsAndReflection\EventsAndReflection.csproj", "{6DD160B9-0155-4F21-B3A6-9B411E2AB33C}"
EndProject
Project("{FAE04EC0-301F-11D3-BF4B-00C04F79EFBC}") = "SharedLibrary", "SharedLibrary\SharedLibrary.csproj", "{85CD88CB-3F1A-42F9-91C9-B51A2D26F27A}"
EndProject
Project("{FAE04EC0-301F-11D3-BF4B-00C04F79EFBC}") = "CustomPlugin", "CustomPlugin\CustomPlugin.csproj", "{1C6982DE-ACDF-4433-90F3-5F463F490C26}"
EndProject
Global
	GlobalSection(SolutionConfigurationPlatforms) = preSolution
		Debug|Any CPU = Debug|Any CPU
		Release|Any CPU = Release|Any CPU
	EndGlobalSection
	GlobalSection(ProjectConfigurationPlatforms) = postSolution
		{6DD160B9-0155-4F21-B3A6-9B411E2AB33C}.Debug|Any CPU.ActiveCfg = Debug|Any CPU
		{6DD160B9-0155-4F21-B3A6-9B411E2AB33C}.Debug|Any CPU.Build.0 = Debug|Any CPU
		{6DD160B9-0155-4F21-B3A6-9B411E2AB33C}.Release|Any CPU.ActiveCfg = Release|Any CPU
		{6DD160B9-0155-4F21-B3A6-9B411E2AB33C}.Release|Any CPU.Build.0 = Release|Any CPU
		{85CD88CB-3F1A-42F9-91C9-B51A2D26F27A}.Debug|Any CPU.ActiveCfg = Debug|Any CPU
		{85CD88CB-3F1A-42F9-91C9-B51A2D26F27A}.Debug|Any CPU.Build.0 = Debug|Any CPU
		{85CD88CB-3F1A-42F9-91C9-B51A2D26F27A}.Release|Any CPU.ActiveCfg = Release|Any CPU
		{85CD88CB-3F1A-42F9-91C9-B51A2D26F27A}.Release|Any CPU.Build.0 = Release|Any CPU
		{1C6982DE-ACDF-4433-90F3-5F463F490C26}.Debug|Any CPU.ActiveCfg = Debug|Any CPU
		{1C6982DE-ACDF-4433-90F3-5F463F490C26}.Debug|Any CPU.Build.0 = Debug|Any CPU
		{1C6982DE-ACDF-4433-90F3-5F463F490C26}.Release|Any CPU.ActiveCfg = Release|Any CPU
		{1C6982DE-ACDF-4433-90F3-5F463F490C26}.Release|Any CPU.Build.0 = Release|Any CPU
	EndGlobalSection
	GlobalSection(SolutionProperties) = preSolution
		HideSolutionNode = FALSE
	EndGlobalSection
	GlobalSection(ExtensibilityGlobals) = postSolution
		SolutionGuid = {586ADC6A-9722-4062-9607-CF63CAA3D6D4}
	EndGlobalSection
EndGlobal
